
Microsoft Visual Studio Solution File, Format Version 12.00
# Visual Studio Version 17
VisualStudioVersion = 17.8.34330.188
MinimumVisualStudioVersion = 10.0.40219.1
Project("{FAE04EC0-301F-11D3-BF4B-00C04F79EFBC}") = "Domain.BisleriumBloggingSystem", "Domain.BisleriumBloggingSystem\Domain.BisleriumBloggingSystem.csproj", "{89B474BD-68A4-4BB5-A5F3-5DFDAEF4BCBE}"
EndProject
Project("{FAE04EC0-301F-11D3-BF4B-00C04F79EFBC}") = "Application.BisleriumBloggingSystem", "Application.BisleriumBloggingSystem\Application.BisleriumBloggingSystem.csproj", "{694CB5DC-32C2-4523-8C3E-09A87BD6C390}"
EndProject
Project("{FAE04EC0-301F-11D3-BF4B-00C04F79EFBC}") = "Insfrastructure.BisleriumBloggingSystem", "Insfrastructure.BisleriumBloggingSystem\Insfrastructure.BisleriumBloggingSystem.csproj", "{5DBCCA0C-0A73-4A48-AB3D-4C38A98C0D89}"
EndProject
Project("{FAE04EC0-301F-11D3-BF4B-00C04F79EFBC}") = "Presentation.BisleriumBloggingSystem", "Presentation.BisleriumBloggingSystem\Presentation.BisleriumBloggingSystem.csproj", "{78BA303E-FA28-4B74-AF99-92FDABD59568}"
EndProject
Global
	GlobalSection(SolutionConfigurationPlatforms) = preSolution
		Debug|Any CPU = Debug|Any CPU
		Release|Any CPU = Release|Any CPU
	EndGlobalSection
	GlobalSection(ProjectConfigurationPlatforms) = postSolution
		{89B474BD-68A4-4BB5-A5F3-5DFDAEF4BCBE}.Debug|Any CPU.ActiveCfg = Debug|Any CPU
		{89B474BD-68A4-4BB5-A5F3-5DFDAEF4BCBE}.Debug|Any CPU.Build.0 = Debug|Any CPU
		{89B474BD-68A4-4BB5-A5F3-5DFDAEF4BCBE}.Release|Any CPU.ActiveCfg = Release|Any CPU
		{89B474BD-68A4-4BB5-A5F3-5DFDAEF4BCBE}.Release|Any CPU.Build.0 = Release|Any CPU
		{694CB5DC-32C2-4523-8C3E-09A87BD6C390}.Debug|Any CPU.ActiveCfg = Debug|Any CPU
		{694CB5DC-32C2-4523-8C3E-09A87BD6C390}.Debug|Any CPU.Build.0 = Debug|Any CPU
		{694CB5DC-32C2-4523-8C3E-09A87BD6C390}.Release|Any CPU.ActiveCfg = Release|Any CPU
		{694CB5DC-32C2-4523-8C3E-09A87BD6C390}.Release|Any CPU.Build.0 = Release|Any CPU
		{5DBCCA0C-0A73-4A48-AB3D-4C38A98C0D89}.Debug|Any CPU.ActiveCfg = Debug|Any CPU
		{5DBCCA0C-0A73-4A48-AB3D-4C38A98C0D89}.Debug|Any CPU.Build.0 = Debug|Any CPU
		{5DBCCA0C-0A73-4A48-AB3D-4C38A98C0D89}.Release|Any CPU.ActiveCfg = Release|Any CPU
		{5DBCCA0C-0A73-4A48-AB3D-4C38A98C0D89}.Release|Any CPU.Build.0 = Release|Any CPU
		{78BA303E-FA28-4B74-AF99-92FDABD59568}.Debug|Any CPU.ActiveCfg = Debug|Any CPU
		{78BA303E-FA28-4B74-AF99-92FDABD59568}.Debug|Any CPU.Build.0 = Debug|Any CPU
		{78BA303E-FA28-4B74-AF99-92FDABD59568}.Release|Any CPU.ActiveCfg = Release|Any CPU
		{78BA303E-FA28-4B74-AF99-92FDABD59568}.Release|Any CPU.Build.0 = Release|Any CPU
	EndGlobalSection
	GlobalSection(SolutionProperties) = preSolution
		HideSolutionNode = FALSE
	EndGlobalSection
	GlobalSection(ExtensibilityGlobals) = postSolution
		SolutionGuid = {AC7B7359-0330-4B97-856D-93EF77D184BF}
	EndGlobalSection
EndGlobal
